
Microsoft Visual Studio Solution File, Format Version 12.00
# Visual Studio 15
VisualStudioVersion = 15.0.28307.136
MinimumVisualStudioVersion = 10.0.40219.1
Project("{FAE04EC0-301F-11D3-BF4B-00C04F79EFBC}") = "SharpMacro", "SharpMacro\SharpMacro.csproj", "{C8157AF4-1119-4F2B-B50F-A8A2633BEFF8}"
EndProject
Global
	GlobalSection(SolutionConfigurationPlatforms) = preSolution
		Debug|Any CPU = Debug|Any CPU
		Release|Any CPU = Release|Any CPU
	EndGlobalSection
	GlobalSection(ProjectConfigurationPlatforms) = postSolution
		{C8157AF4-1119-4F2B-B50F-A8A2633BEFF8}.Debug|Any CPU.ActiveCfg = Debug|Any CPU
		{C8157AF4-1119-4F2B-B50F-A8A2633BEFF8}.Debug|Any CPU.Build.0 = Debug|Any CPU
		{C8157AF4-1119-4F2B-B50F-A8A2633BEFF8}.Release|Any CPU.ActiveCfg = Release|Any CPU
		{C8157AF4-1119-4F2B-B50F-A8A2633BEFF8}.Release|Any CPU.Build.0 = Release|Any CPU
	EndGlobalSection
	GlobalSection(SolutionProperties) = preSolution
		HideSolutionNode = FALSE
	EndGlobalSection
	GlobalSection(ExtensibilityGlobals) = postSolution
		SolutionGuid = {C9BA9D68-E74E-4A24-A10A-239D7F8F5FBE}
	EndGlobalSection
EndGlobal
